
Microsoft Visual Studio Solution File, Format Version 12.00
# Visual Studio 2012
Project("{FAE04EC0-301F-11D3-BF4B-00C04F79EFBC}") = "url2wiz.NET", "url2wiz.NET\url2wiz.NET.csproj", "{472F9D39-AB18-4C9F-BB6F-10525BE226C0}"
EndProject
Global
	GlobalSection(SolutionConfigurationPlatforms) = preSolution
		Debug|Any CPU = Debug|Any CPU
		Release|Any CPU = Release|Any CPU
	EndGlobalSection
	GlobalSection(ProjectConfigurationPlatforms) = postSolution
		{472F9D39-AB18-4C9F-BB6F-10525BE226C0}.Debug|Any CPU.ActiveCfg = Debug|Any CPU
		{472F9D39-AB18-4C9F-BB6F-10525BE226C0}.Debug|Any CPU.Build.0 = Debug|Any CPU
		{472F9D39-AB18-4C9F-BB6F-10525BE226C0}.Release|Any CPU.ActiveCfg = Release|Any CPU
		{472F9D39-AB18-4C9F-BB6F-10525BE226C0}.Release|Any CPU.Build.0 = Release|Any CPU
	EndGlobalSection
	GlobalSection(SolutionProperties) = preSolution
		HideSolutionNode = FALSE
	EndGlobalSection
EndGlobal
